
Microsoft Visual Studio Solution File, Format Version 12.00
# Visual Studio 15
VisualStudioVersion = 15.0.27004.2009
MinimumVisualStudioVersion = 10.0.40219.1
Project("{8BC9CEB8-8B4A-11D0-8D11-00A0C91BC942}") = "MacWifi", "MacWifi.vcxproj", "{746DC640-3FE3-4F44-B0A3-371940591DC8}"
EndProject
Global
	GlobalSection(SolutionConfigurationPlatforms) = preSolution
		Debug|x64 = Debug|x64
		Debug|x86 = Debug|x86
		Release|x64 = Release|x64
		Release|x86 = Release|x86
	EndGlobalSection
	GlobalSection(ProjectConfigurationPlatforms) = postSolution
		{746DC640-3FE3-4F44-B0A3-371940591DC8}.Debug|x64.ActiveCfg = Debug|x64
		{746DC640-3FE3-4F44-B0A3-371940591DC8}.Debug|x64.Build.0 = Debug|x64
		{746DC640-3FE3-4F44-B0A3-371940591DC8}.Debug|x86.ActiveCfg = Debug|Win32
		{746DC640-3FE3-4F44-B0A3-371940591DC8}.Debug|x86.Build.0 = Debug|Win32
		{746DC640-3FE3-4F44-B0A3-371940591DC8}.Release|x64.ActiveCfg = Release|x64
		{746DC640-3FE3-4F44-B0A3-371940591DC8}.Release|x64.Build.0 = Release|x64
		{746DC640-3FE3-4F44-B0A3-371940591DC8}.Release|x86.ActiveCfg = Release|Win32
		{746DC640-3FE3-4F44-B0A3-371940591DC8}.Release|x86.Build.0 = Release|Win32
	EndGlobalSection
	GlobalSection(SolutionProperties) = preSolution
		HideSolutionNode = FALSE
	EndGlobalSection
	GlobalSection(ExtensibilityGlobals) = postSolution
		SolutionGuid = {CD4920A5-A52C-4A22-9497-434AC0F16B79}
	EndGlobalSection
EndGlobal
